golang.org/x/sys v0.0.0-20190222171317-cd391775e71e h1:oF7qaQxUH6KzFdKN4ww7NpPdo53SZi4UlcksLrb2y/o=
golang.org/x/sys v0.0.0-20190222171317-cd391775e71e/go.mod h1:STP8DvDyc/dI5b8T5hshtkjS+E42TnysNCUPdjciGhY=
golang.org/x/sys v0.0.0-20200501052902-10377860bb8e h1:hq86ru83GdWTlfQFZGO4nZJTU4Bs2wfHl8oFHRaXsfc=
golang.org/x/sys v0.0.0-20200501052902-10377860bb8e/go.mod h1:h1NjWce9XRLGQEsW7wpKNCjG9DtNlClVuFLEZdDNbEs=
