# This file is autogenerated, do not edit; changes may be undone by the next 'dep ensure'.


[[projects]]
  branch = "master"
  digest = "1:237e8294fc988c135a81cfce460263ac3806d86ba9faef52130ddcc1ddd22fd4"
  name = "golang.org/x/sys"
  packages = ["windows"]
  pruneopts = "UT"
  revision = "cd391775e71e684db52b63df9affd58269495083"

[solve-meta]
  analyzer-name = "dep"
  analyzer-version = 1
  input-imports = ["golang.org/x/sys/windows"]
  solver-name = "gps-cdcl"
  solver-version = 1
